// !$*UTF8*$!
{
	archiveVersion = 1;
	classes = {
	};
	objectVersion = 50;
	objects = {

/* Begin PBXBuildFile section */
		1B558E7D238758D500C5058D /* AppDelegate.swift in Sources */ = {isa = PBXBuildFile; fileRef = 1B558E7C238758D500C5058D /* AppDelegate.swift */; };
		1B558E7F238758D500C5058D /* ViewController.swift in Sources */ = {isa = PBXBuildFile; fileRef = 1B558E7E238758D500C5058D /* ViewController.swift */; };
		1B558E82238758D500C5058D /* Main.storyboard in Resources */ = {isa = PBXBuildFile; fileRef = 1B558E80238758D500C5058D /* Main.storyboard */; };
		1B558E84238758D600C5058D /* Assets.xcassets in Resources */ = {isa = PBXBuildFile; fileRef = 1B558E83238758D600C5058D /* Assets.xcassets */; };
		1B558E87238758D600C5058D /* LaunchScreen.storyboard in Resources */ = {isa = PBXBuildFile; fileRef = 1B558E85238758D600C5058D /* LaunchScreen.storyboard */; };
		1B558E92238758D700C5058D /* PrototypeTests.swift in Sources */ = {isa = PBXBuildFile; fileRef = 1B558E91238758D700C5058D /* PrototypeTests.swift */; };
		1B558E9D238758D700C5058D /* PrototypeUITests.swift in Sources */ = {isa = PBXBuildFile; fileRef = 1B558E9C238758D700C5058D /* PrototypeUITests.swift */; };
		1B558EAB23876AA600C5058D /* CustomBackButtonNavController.swift in Sources */ = {isa = PBXBuildFile; fileRef = 1B558EAA23876AA600C5058D /* CustomBackButtonNavController.swift */; };
/* End PBXBuildFile section */

/* Begin PBXContainerItemProxy section */
		1B558E8E238758D700C5058D /* PBXContainerItemProxy */ = {
			isa = PBXContainerItemProxy;
			containerPortal = 1B558E71238758D500C5058D /* Project object */;
			proxyType = 1;
			remoteGlobalIDString = 1B558E78238758D500C5058D;
			remoteInfo = Prototype;
		};
		1B558E99238758D700C5058D /* PBXContainerItemProxy */ = {
			isa = PBXContainerItemProxy;
			containerPortal = 1B558E71238758D500C5058D /* Project object */;
			proxyType = 1;
			remoteGlobalIDString = 1B558E78238758D500C5058D;
			remoteInfo = Prototype;
		};
/* End PBXContainerItemProxy section */

/* Begin PBXFileReference section */
		1B558E79238758D500C5058D /* Prototype.app */ = {isa = PBXFileReference; explicitFileType = wrapper.application; includeInIndex = 0; path = Prototype.app; sourceTree = BUILT_PRODUCTS_DIR; };
		1B558E7C238758D500C5058D /* AppDelegate.swift */ = {isa = PBXFileReference; lastKnownFileType = sourcecode.swift; path = AppDelegate.swift; sourceTree = "<group>"; };
		1B558E7E238758D500C5058D /* ViewController.swift */ = {isa = PBXFileReference; lastKnownFileType = sourcecode.swift; path = ViewController.swift; sourceTree = "<group>"; };
		1B558E81238758D500C5058D /* Base */ = {isa = PBXFileReference; lastKnownFileType = file.storyboard; name = Base; path = Base.lproj/Main.storyboard; sourceTree = "<group>"; };
		1B558E83238758D600C5058D /* Assets.xcassets */ = {isa = PBXFileReference; lastKnownFileType = folder.assetcatalog; path = Assets.xcassets; sourceTree = "<group>"; };
		1B558E86238758D600C5058D /* Base */ = {isa = PBXFileReference; lastKnownFileType = file.storyboard; name = Base; path = Base.lproj/LaunchScreen.storyboard; sourceTree = "<group>"; };
		1B558E88238758D600C5058D /* Info.plist */ = {isa = PBXFileReference; lastKnownFileType = text.plist.xml; path = Info.plist; sourceTree = "<group>"; };
		1B558E8D238758D700C5058D /* PrototypeTests.xctest */ = {isa = PBXFileReference; explicitFileType = wrapper.cfbundle; includeInIndex = 0; path = PrototypeTests.xctest; sourceTree = BUILT_PRODUCTS_DIR; };
		1B558E91238758D700C5058D /* PrototypeTests.swift */ = {isa = PBXFileReference; lastKnownFileType = sourcecode.swift; path = PrototypeTests.swift; sourceTree = "<group>"; };
		1B558E93238758D700C5058D /* Info.plist */ = {isa = PBXFileReference; lastKnownFileType = text.plist.xml; path = Info.plist; sourceTree = "<group>"; };
		1B558E98238758D700C5058D /* PrototypeUITests.xctest */ = {isa = PBXFileReference; explicitFileType = wrapper.cfbundle; includeInIndex = 0; path = PrototypeUITests.xctest; sourceTree = BUILT_PRODUCTS_DIR; };
		1B558E9C238758D700C5058D /* PrototypeUITests.swift */ = {isa = PBXFileReference; lastKnownFileType = sourcecode.swift; path = PrototypeUITests.swift; sourceTree = "<group>"; };
		1B558E9E238758D700C5058D /* Info.plist */ = {isa = PBXFileReference; lastKnownFileType = text.plist.xml; path = Info.plist; sourceTree = "<group>"; };
		1B558EAA23876AA600C5058D /* CustomBackButtonNavController.swift */ = {isa = PBXFileReference; lastKnownFileType = sourcecode.swift; path = CustomBackButtonNavController.swift; sourceTree = "<group>"; };
/* End PBXFileReference section */

/* Begin PBXFrameworksBuildPhase section */
		1B558E76238758D500C5058D /* Frameworks */ = {
			isa = PBXFrameworksBuildPhase;
			buildActionMask = 2147483647;
			files = (
			);
			runOnlyForDeploymentPostprocessing = 0;
		};
		1B558E8A238758D700C5058D /* Frameworks */ = {
			isa = PBXFrameworksBuildPhase;
			buildActionMask = 2147483647;
			files = (
			);
			runOnlyForDeploymentPostprocessing = 0;
		};
		1B558E95238758D700C5058D /* Frameworks */ = {
			isa = PBXFrameworksBuildPhase;
			buildActionMask = 2147483647;
			files = (
			);
			runOnlyForDeploymentPostprocessing = 0;
		};
/* End PBXFrameworksBuildPhase section */

/* Begin PBXGroup section */
		1B558E70238758D500C5058D = {
			isa = PBXGroup;
			children = (
				1B558E7B238758D500C5058D /* Prototype */,
				1B558E90238758D700C5058D /* PrototypeTests */,
				1B558E9B238758D700C5058D /* PrototypeUITests */,
				1B558E7A238758D500C5058D /* Products */,
			);
			sourceTree = "<group>";
		};
		1B558E7A238758D500C5058D /* Products */ = {
			isa = PBXGroup;
			children = (
				1B558E79238758D500C5058D /* Prototype.app */,
				1B558E8D238758D700C5058D /* PrototypeTests.xctest */,
				1B558E98238758D700C5058D /* PrototypeUITests.xctest */,
			);
			name = Products;
			sourceTree = "<group>";
		};
		1B558E7B238758D500C5058D /* Prototype */ = {
			isa = PBXGroup;
			children = (
				1B558E7C238758D500C5058D /* AppDelegate.swift */,
				1B558E7E238758D500C5058D /* ViewController.swift */,
				1B558EAA23876AA600C5058D /* CustomBackButtonNavController.swift */,
				1B558E80238758D500C5058D /* Main.storyboard */,
				1B558E83238758D600C5058D /* Assets.xcassets */,
				1B558E85238758D600C5058D /* LaunchScreen.storyboard */,
				1B558E88238758D600C5058D /* Info.plist */,
			);
			path = Prototype;
			sourceTree = "<group>";
		};
		1B558E90238758D700C5058D /* PrototypeTests */ = {
			isa = PBXGroup;
			children = (
				1B558E91238758D700C5058D /* PrototypeTests.swift */,
				1B558E93238758D700C5058D /* Info.plist */,
			);
			path = PrototypeTests;
			sourceTree = "<group>";
		};
		1B558E9B238758D700C5058D /* PrototypeUITests */ = {
			isa = PBXGroup;
			children = (
				1B558E9C238758D700C5058D /* PrototypeUITests.swift */,
				1B558E9E238758D700C5058D /* Info.plist */,
			);
			path = PrototypeUITests;
			sourceTree = "<group>";
		};
/* End PBXGroup section */

/* Begin PBXNativeTarget section */
		1B558E78238758D500C5058D /* Prototype */ = {
			isa = PBXNativeTarget;
			buildConfigurationList = 1B558EA1238758D700C5058D /* Build configuration list for PBXNativeTarget "Prototype" */;
			buildPhases = (
				1B558E75238758D500C5058D /* Sources */,
				1B558E76238758D500C5058D /* Frameworks */,
				1B558E77238758D500C5058D /* Resources */,
			);
			buildRules = (
			);
			dependencies = (
			);
			name = Prototype;
			productName = Prototype;
			productReference = 1B558E79238758D500C5058D /* Prototype.app */;
			productType = "com.apple.product-type.application";
		};
		1B558E8C238758D700C5058D /* PrototypeTests */ = {
			isa = PBXNativeTarget;
			buildConfigurationList = 1B558EA4238758D700C5058D /* Build configuration list for PBXNativeTarget "PrototypeTests" */;
			buildPhases = (
				1B558E89238758D700C5058D /* Sources */,
				1B558E8A238758D700C5058D /* Frameworks */,
				1B558E8B238758D700C5058D /* Resources */,
			);
			buildRules = (
			);
			dependencies = (
				1B558E8F238758D700C5058D /* PBXTargetDependency */,
			);
			name = PrototypeTests;
			productName = PrototypeTests;
			productReference = 1B558E8D238758D700C5058D /* PrototypeTests.xctest */;
			productType = "com.apple.product-type.bundle.unit-test";
		};
		1B558E97238758D700C5058D /* PrototypeUITests */ = {
			isa = PBXNativeTarget;
			buildConfigurationList = 1B558EA7238758D700C5058D /* Build configuration list for PBXNativeTarget "PrototypeUITests" */;
			buildPhases = (
				1B558E94238758D700C5058D /* Sources */,
				1B558E95238758D700C5058D /* Frameworks */,
				1B558E96238758D700C5058D /* Resources */,
			);
			buildRules = (
			);
			dependencies = (
				1B558E9A238758D700C5058D /* PBXTargetDependency */,
			);
			name = PrototypeUITests;
			productName = PrototypeUITests;
			productReference = 1B558E98238758D700C5058D /* PrototypeUITests.xctest */;
			productType = "com.apple.product-type.bundle.ui-testing";
		};
/* End PBXNativeTarget section */

/* Begin PBXProject section */
		1B558E71238758D500C5058D /* Project object */ = {
			isa = PBXProject;
			attributes = {
				LastSwiftUpdateCheck = 1030;
				LastUpgradeCheck = 1030;
				ORGANIZATIONNAME = GrantLBuchanan;
				TargetAttributes = {
					1B558E78238758D500C5058D = {
						CreatedOnToolsVersion = 10.3;
					};
					1B558E8C238758D700C5058D = {
						CreatedOnToolsVersion = 10.3;
						TestTargetID = 1B558E78238758D500C5058D;
					};
					1B558E97238758D700C5058D = {
						CreatedOnToolsVersion = 10.3;
						TestTargetID = 1B558E78238758D500C5058D;
					};
				};
			};
			buildConfigurationList = 1B558E74238758D500C5058D /* Build configuration list for PBXProject "Prototype" */;
			compatibilityVersion = "Xcode 9.3";
			developmentRegion = en;
			hasScannedForEncodings = 0;
			knownRegions = (
				en,
				Base,
			);
			mainGroup = 1B558E70238758D500C5058D;
			productRefGroup = 1B558E7A238758D500C5058D /* Products */;
			projectDirPath = "";
			projectRoot = "";
			targets = (
				1B558E78238758D500C5058D /* Prototype */,
				1B558E8C238758D700C5058D /* PrototypeTests */,
				1B558E97238758D700C5058D /* PrototypeUITests */,
			);
		};
/* End PBXProject section */

/* Begin PBXResourcesBuildPhase section */
		1B558E77238758D500C5058D /* Resources */ = {
			isa = PBXResourcesBuildPhase;
			buildActionMask = 2147483647;
			files = (
				1B558E87238758D600C5058D /* LaunchScreen.storyboard in Resources */,
				1B558E84238758D600C5058D /* Assets.xcassets in Resources */,
				1B558E82238758D500C5058D /* Main.storyboard in Resources */,
			);
			runOnlyForDeploymentPostprocessing = 0;
		};
		1B558E8B238758D700C5058D /* Resources */ = {
			isa = PBXResourcesBuildPhase;
			buildActionMask = 2147483647;
			files = (
			);
			runOnlyForDeploymentPostprocessing = 0;
		};
		1B558E96238758D700C5058D /* Resources */ = {
			isa = PBXResourcesBuildPhase;
			buildActionMask = 2147483647;
			files = (
			);
			runOnlyForDeploymentPostprocessing = 0;
		};
/* End PBXResourcesBuildPhase section */

/* Begin PBXSourcesBuildPhase section */
		1B558E75238758D500C5058D /* Sources */ = {
			isa = PBXSourcesBuildPhase;
			buildActionMask = 2147483647;
			files = (
				1B558E7F238758D500C5058D /* ViewController.swift in Sources */,
				1B558E7D238758D500C5058D /* AppDelegate.swift in Sources */,
				1B558EAB23876AA600C5058D /* CustomBackButtonNavController.swift in Sources */,
			);
			runOnlyForDeploymentPostprocessing = 0;
		};
		1B558E89238758D700C5058D /* Sources */ = {
			isa = PBXSourcesBuildPhase;
			buildActionMask = 2147483647;
			files = (
				1B558E92238758D700C5058D /* PrototypeTests.swift in Sources */,
			);
			runOnlyForDeploymentPostprocessing = 0;
		};
		1B558E94238758D700C5058D /* Sources */ = {
			isa = PBXSourcesBuildPhase;
			buildActionMask = 2147483647;
			files = (
				1B558E9D238758D700C5058D /* PrototypeUITests.swift in Sources */,
			);
			runOnlyForDeploymentPostprocessing = 0;
		};
/* End PBXSourcesBuildPhase section */

/* Begin PBXTargetDependency section */
		1B558E8F238758D700C5058D /* PBXTargetDependency */ = {
			isa = PBXTargetDependency;
			target = 1B558E78238758D500C5058D /* Prototype */;
			targetProxy = 1B558E8E238758D700C5058D /* PBXContainerItemProxy */;
		};
		1B558E9A238758D700C5058D /* PBXTargetDependency */ = {
			isa = PBXTargetDependency;
			target = 1B558E78238758D500C5058D /* Prototype */;
			targetProxy = 1B558E99238758D700C5058D /* PBXContainerItemProxy */;
		};
/* End PBXTargetDependency section */

/* Begin PBXVariantGroup section */
		1B558E80238758D500C5058D /* Main.storyboard */ = {
			isa = PBXVariantGroup;
			children = (
				1B558E81238758D500C5058D /* Base */,
			);
			name = Main.storyboard;
			sourceTree = "<group>";
		};
		1B558E85238758D600C5058D /* LaunchScreen.storyboard */ = {
			isa = PBXVariantGroup;
			children = (
				1B558E86238758D600C5058D /* Base */,
			);
			name = LaunchScreen.storyboard;
			sourceTree = "<group>";
		};
/* End PBXVariantGroup section */

/* Begin XCBuildConfiguration section */
		1B558E9F238758D700C5058D /* Debug */ = {
			isa = XCBuildConfiguration;
			buildSettings = {
				ALWAYS_SEARCH_USER_PATHS = NO;
				CLANG_ANALYZER_NONNULL = YES;
				CLANG_ANALYZER_NUMBER_OBJECT_CONVERSION = YES_AGGRESSIVE;
				CLANG_CXX_LANGUAGE_STANDARD = "gnu++14";
				CLANG_CXX_LIBRARY = "libc++";
				CLANG_ENABLE_MODULES = YES;
				CLANG_ENABLE_OBJC_ARC = YES;
				CLANG_ENABLE_OBJC_WEAK = YES;
				CLANG_WARN_BLOCK_CAPTURE_AUTORELEASING = YES;
				CLANG_WARN_BOOL_CONVERSION = YES;
				CLANG_WARN_COMMA = YES;
				CLANG_WARN_CONSTANT_CONVERSION = YES;
				CLANG_WARN_DEPRECATED_OBJC_IMPLEMENTATIONS = YES;
				CLANG_WARN_DIRECT_OBJC_ISA_USAGE = YES_ERROR;
				CLANG_WARN_DOCUMENTATION_COMMENTS = YES;
				CLANG_WARN_EMPTY_BODY = YES;
				CLANG_WARN_ENUM_CONVERSION = YES;
				CLANG_WARN_INFINITE_RECURSION = YES;
				CLANG_WARN_INT_CONVERSION = YES;
				CLANG_WARN_NON_LITERAL_NULL_CONVERSION = YES;
				CLANG_WARN_OBJC_IMPLICIT_RETAIN_SELF = YES;
				CLANG_WARN_OBJC_LITERAL_CONVERSION = YES;
				CLANG_WARN_OBJC_ROOT_CLASS = YES_ERROR;
				CLANG_WARN_RANGE_LOOP_ANALYSIS = YES;
				CLANG_WARN_STRICT_PROTOTYPES = YES;
				CLANG_WARN_SUSPICIOUS_MOVE = YES;
				CLANG_WARN_UNGUARDED_AVAILABILITY = YES_AGGRESSIVE;
				CLANG_WARN_UNREACHABLE_CODE = YES;
				CLANG_WARN__DUPLICATE_METHOD_MATCH = YES;
				CODE_SIGN_IDENTITY = "iPhone Developer";
				COPY_PHASE_STRIP = NO;
				DEBUG_INFORMATION_FORMAT = dwarf;
				ENABLE_STRICT_OBJC_MSGSEND = YES;
				ENABLE_TESTABILITY = YES;
				GCC_C_LANGUAGE_STANDARD = gnu11;
				GCC_DYNAMIC_NO_PIC = NO;
				GCC_NO_COMMON_BLOCKS = YES;
				GCC_OPTIMIZATION_LEVEL = 0;
				GCC_PREPROCESSOR_DEFINITIONS = (
					"DEBUG=1",
					"$(inherited)",
				);
				GCC_WARN_64_TO_32_BIT_CONVERSION = YES;
				GCC_WARN_ABOUT_RETURN_TYPE = YES_ERROR;
				GCC_WARN_UNDECLARED_SELECTOR = YES;
				GCC_WARN_UNINITIALIZED_AUTOS = YES_AGGRESSIVE;
				GCC_WARN_UNUSED_FUNCTION = YES;
				GCC_WARN_UNUSED_VARIABLE = YES;
				IPHONEOS_DEPLOYMENT_TARGET = 12.4;
				MTL_ENABLE_DEBUG_INFO = INCLUDE_SOURCE;
				MTL_FAST_MATH = YES;
				ONLY_ACTIVE_ARCH = YES;
				SDKROOT = iphoneos;
				SWIFT_ACTIVE_COMPILATION_CONDITIONS = DEBUG;
				SWIFT_OPTIMIZATION_LEVEL = "-Onone";
			};
			name = Debug;
		};
		1B558EA0238758D700C5058D /* Release */ = {
			isa = XCBuildConfiguration;
			buildSettings = {
				ALWAYS_SEARCH_USER_PATHS = NO;
				CLANG_ANALYZER_NONNULL = YES;
				CLANG_ANALYZER_NUMBER_OBJECT_CONVERSION = YES_AGGRESSIVE;
				CLANG_CXX_LANGUAGE_STANDARD = "gnu++14";
				CLANG_CXX_LIBRARY = "libc++";
				CLANG_ENABLE_MODULES = YES;
				CLANG_ENABLE_OBJC_ARC = YES;
				CLANG_ENABLE_OBJC_WEAK = YES;
				CLANG_WARN_BLOCK_CAPTURE_AUTORELEASING = YES;
				CLANG_WARN_BOOL_CONVERSION = YES;
				CLANG_WARN_COMMA = YES;
				CLANG_WARN_CONSTANT_CONVERSION = YES;
				CLANG_WARN_DEPRECATED_OBJC_IMPLEMENTATIONS = YES;
				CLANG_WARN_DIRECT_OBJC_ISA_USAGE = YES_ERROR;
				CLANG_WARN_DOCUMENTATION_COMMENTS = YES;
				CLANG_WARN_EMPTY_BODY = YES;
				CLANG_WARN_ENUM_CONVERSION = YES;
				CLANG_WARN_INFINITE_RECURSION = YES;
				CLANG_WARN_INT_CONVERSION = YES;
				CLANG_WARN_NON_LITERAL_NULL_CONVERSION = YES;
				CLANG_WARN_OBJC_IMPLICIT_RETAIN_SELF = YES;
				CLANG_WARN_OBJC_LITERAL_CONVERSION = YES;
				CLANG_WARN_OBJC_ROOT_CLASS = YES_ERROR;
				CLANG_WARN_RANGE_LOOP_ANALYSIS = YES;
				CLANG_WARN_STRICT_PROTOTYPES = YES;
				CLANG_WARN_SUSPICIOUS_MOVE = YES;
				CLANG_WARN_UNGUARDED_AVAILABILITY = YES_AGGRESSIVE;
				CLANG_WARN_UNREACHABLE_CODE = YES;
				CLANG_WARN__DUPLICATE_METHOD_MATCH = YES;
				CODE_SIGN_IDENTITY = "iPhone Developer";
				COPY_PHASE_STRIP = NO;
				DEBUG_INFORMATION_FORMAT = "dwarf-with-dsym";
				ENABLE_NS_ASSERTIONS = NO;
				ENABLE_STRICT_OBJC_MSGSEND = YES;
				GCC_C_LANGUAGE_STANDARD = gnu11;
				GCC_NO_COMMON_BLOCKS = YES;
				GCC_WARN_64_TO_32_BIT_CONVERSION = YES;
				GCC_WARN_ABOUT_RETURN_TYPE = YES_ERROR;
				GCC_WARN_UNDECLARED_SELECTOR = YES;
				GCC_WARN_UNINITIALIZED_AUTOS = YES_AGGRESSIVE;
				GCC_WARN_UNUSED_FUNCTION = YES;
				GCC_WARN_UNUSED_VARIABLE = YES;
				IPHONEOS_DEPLOYMENT_TARGET = 12.4;
				MTL_ENABLE_DEBUG_INFO = NO;
				MTL_FAST_MATH = YES;
				SDKROOT = iphoneos;
				SWIFT_COMPILATION_MODE = wholemodule;
				SWIFT_OPTIMIZATION_LEVEL = "-O";
				VALIDATE_PRODUCT = YES;
			};
			name = Release;
		};
		1B558EA2238758D700C5058D /* Debug */ = {
			isa = XCBuildConfiguration;
			buildSettings = {
				ASSETCATALOG_COMPILER_APPICON_NAME = AppIcon;
				CODE_SIGN_STYLE = Automatic;
				INFOPLIST_FILE = Prototype/Info.plist;
				LD_RUNPATH_SEARCH_PATHS = (
					"$(inherited)",
					"@executable_path/Frameworks",
				);
				PRODUCT_BUNDLE_IDENTIFIER = Cascadia.Prototype;
				PRODUCT_NAME = "$(TARGET_NAME)";
				SWIFT_VERSION = 5.0;
				TARGETED_DEVICE_FAMILY = "1,2";
			};
			name = Debug;
		};
		1B558EA3238758D700C5058D /* Release */ = {
			isa = XCBuildConfiguration;
			buildSettings = {
				ASSETCATALOG_COMPILER_APPICON_NAME = AppIcon;
				CODE_SIGN_STYLE = Automatic;
				INFOPLIST_FILE = Prototype/Info.plist;
				LD_RUNPATH_SEARCH_PATHS = (
					"$(inherited)",
					"@executable_path/Frameworks",
				);
				PRODUCT_BUNDLE_IDENTIFIER = Cascadia.Prototype;
				PRODUCT_NAME = "$(TARGET_NAME)";
				SWIFT_VERSION = 5.0;
				TARGETED_DEVICE_FAMILY = "1,2";
			};
			name = Release;
		};
		1B558EA5238758D700C5058D /* Debug */ = {
			isa = XCBuildConfiguration;
			buildSettings = {
				ALWAYS_EMBED_SWIFT_STANDARD_LIBRARIES = YES;
				BUNDLE_LOADER = "$(TEST_HOST)";
				CODE_SIGN_STYLE = Automatic;
				INFOPLIST_FILE = PrototypeTests/Info.plist;
				LD_RUNPATH_SEARCH_PATHS = (
					"$(inherited)",
					"@executable_path/Frameworks",
					"@loader_path/Frameworks",
				);
				PRODUCT_BUNDLE_IDENTIFIER = Cascadia.PrototypeTests;
				PRODUCT_NAME = "$(TARGET_NAME)";
				SWIFT_VERSION = 5.0;
				TARGETED_DEVICE_FAMILY = "1,2";
				TEST_HOST = "$(BUILT_PRODUCTS_DIR)/Prototype.app/Prototype";
			};
			name = Debug;
		};
		1B558EA6238758D700C5058D /* Release */ = {
			isa = XCBuildConfiguration;
			buildSettings = {
				ALWAYS_EMBED_SWIFT_STANDARD_LIBRARIES = YES;
				BUNDLE_LOADER = "$(TEST_HOST)";
				CODE_SIGN_STYLE = Automatic;
				INFOPLIST_FILE = PrototypeTests/Info.plist;
				LD_RUNPATH_SEARCH_PATHS = (
					"$(inherited)",
					"@executable_path/Frameworks",
					"@loader_path/Frameworks",
				);
				PRODUCT_BUNDLE_IDENTIFIER = Cascadia.PrototypeTests;
				PRODUCT_NAME = "$(TARGET_NAME)";
				SWIFT_VERSION = 5.0;
				TARGETED_DEVICE_FAMILY = "1,2";
				TEST_HOST = "$(BUILT_PRODUCTS_DIR)/Prototype.app/Prototype";
			};
			name = Release;
		};
		1B558EA8238758D700C5058D /* Debug */ = {
			isa = XCBuildConfiguration;
			buildSettings = {
				ALWAYS_EMBED_SWIFT_STANDARD_LIBRARIES = YES;
				CODE_SIGN_STYLE = Automatic;
				INFOPLIST_FILE = PrototypeUITests/Info.plist;
				LD_RUNPATH_SEARCH_PATHS = (
					"$(inherited)",
					"@executable_path/Frameworks",
					"@loader_path/Frameworks",
				);
				PRODUCT_BUNDLE_IDENTIFIER = Cascadia.PrototypeUITests;
				PRODUCT_NAME = "$(TARGET_NAME)";
				SWIFT_VERSION = 5.0;
				TARGETED_DEVICE_FAMILY = "1,2";
				TEST_TARGET_NAME = Prototype;
			};
			name = Debug;
		};
		1B558EA9238758D700C5058D /* Release */ = {
			isa = XCBuildConfiguration;
			buildSettings = {
				ALWAYS_EMBED_SWIFT_STANDARD_LIBRARIES = YES;
				CODE_SIGN_STYLE = Automatic;
				INFOPLIST_FILE = PrototypeUITests/Info.plist;
				LD_RUNPATH_SEARCH_PATHS = (
					"$(inherited)",
					"@executable_path/Frameworks",
					"@loader_path/Frameworks",
				);
				PRODUCT_BUNDLE_IDENTIFIER = Cascadia.PrototypeUITests;
				PRODUCT_NAME = "$(TARGET_NAME)";
				SWIFT_VERSION = 5.0;
				TARGETED_DEVICE_FAMILY = "1,2";
				TEST_TARGET_NAME = Prototype;
			};
			name = Release;
		};
/* End XCBuildConfiguration section */

/* Begin XCConfigurationList section */
		1B558E74238758D500C5058D /* Build configuration list for PBXProject "Prototype" */ = {
			isa = XCConfigurationList;
			buildConfigurations = (
				1B558E9F238758D700C5058D /* Debug */,
				1B558EA0238758D700C5058D /* Release */,
			);
			defaultConfigurationIsVisible = 0;
			defaultConfigurationName = Release;
		};
		1B558EA1238758D700C5058D /* Build configuration list for PBXNativeTarget "Prototype" */ = {
			isa = XCConfigurationList;
			buildConfigurations = (
				1B558EA2238758D700C5058D /* Debug */,
				1B558EA3238758D700C5058D /* Release */,
			);
			defaultConfigurationIsVisible = 0;
			defaultConfigurationName = Release;
		};
		1B558EA4238758D700C5058D /* Build configuration list for PBXNativeTarget "PrototypeTests" */ = {
			isa = XCConfigurationList;
			buildConfigurations = (
				1B558EA5238758D700C5058D /* Debug */,
				1B558EA6238758D700C5058D /* Release */,
			);
			defaultConfigurationIsVisible = 0;
			defaultConfigurationName = Release;
		};
		1B558EA7238758D700C5058D /* Build configuration list for PBXNativeTarget "PrototypeUITests" */ = {
			isa = XCConfigurationList;
			buildConfigurations = (
				1B558EA8238758D700C5058D /* Debug */,
				1B558EA9238758D700C5058D /* Release */,
			);
			defaultConfigurationIsVisible = 0;
			defaultConfigurationName = Release;
		};
/* End XCConfigurationList section */
	};
	rootObject = 1B558E71238758D500C5058D /* Project object */;
}
